
Microsoft Visual Studio Solution File, Format Version 12.00
# Visual Studio Version 17
VisualStudioVersion = 17.5.002.0
MinimumVisualStudioVersion = 10.0.40219.1
Project("{2150E333-8FDC-42A3-9474-1A3956D46DE8}") = "freeCodeCamp-Tutorials", "freeCodeCamp-Tutorials", "{19473ADB-8C26-4512-BCC3-5640F1B3B603}"
EndProject
Project("{2150E333-8FDC-42A3-9474-1A3956D46DE8}") = "Foundational-C#", "Foundational-C#", "{B6F00D95-6279-4720-A913-549D7A865276}"
EndProject
Project("{2150E333-8FDC-42A3-9474-1A3956D46DE8}") = "Challenge-Projects", "Challenge-Projects", "{9D223A7F-684F-4212-98DD-5FA4D896ACA2}"
EndProject
Project("{9A19103F-16F7-4668-BE54-9A1E7A4F7556}") = "Sorta-and-Tag-Orders", "freeCodeCamp-Tutorials\Foundational-C#\Challenge-Projects\Sorta-and-Tag-Orders\Sorta-and-Tag-Orders.csproj", "{9EE073E7-6947-4BA2-B2F8-2C4672641C5A}"
EndProject
Project("{9A19103F-16F7-4668-BE54-9A1E7A4F7556}") = "Reverse-words-in-sentence", "freeCodeCamp-Tutorials\Foundational-C#\Challenge-Projects\Reverse-words-in-sentence\Reverse-words-in-sentence.csproj", "{512AB94D-8E11-4AFF-B078-892DB9CE2C74}"
EndProject
Project("{2150E333-8FDC-42A3-9474-1A3956D46DE8}") = "Modules", "Modules", "{BD25BEBC-4120-4005-A79B-A283B86267C4}"
EndProject
Project("{9A19103F-16F7-4668-BE54-9A1E7A4F7556}") = "csharp-arrays-opertions", "freeCodeCamp-Tutorials\Foundational-C#\Modules\csharp-arrays-operations\csharp-arrays-opertions.csproj", "{1ED6E5F8-88E9-4CD6-8C21-74A34FF6D1DB}"
EndProject
Project("{9A19103F-16F7-4668-BE54-9A1E7A4F7556}") = "TestProject", "freeCodeCamp-Tutorials\Foundational-C#\Modules\Covert-Data-Types-Using-Casting-and-conversion-techniques-in-C#\TestProject.csproj", "{E965FA35-FA33-4757-AFA4-3DD19EC191DE}"
EndProject
Project("{9A19103F-16F7-4668-BE54-9A1E7A4F7556}") = "Format-alphanumberic-data", "freeCodeCamp-Tutorials\Foundational-C#\Modules\Format-alphanumberic-data\Format-alphanumberic-data.csproj", "{56542589-7AE0-49CF-87DB-8F5E17E5A400}"
EndProject
Project("{2150E333-8FDC-42A3-9474-1A3956D46DE8}") = "Guided-Projects", "Guided-Projects", "{BAAEAF68-3A34-46FA-B3DA-306DA318BA3F}"
EndProject
Project("{2150E333-8FDC-42A3-9474-1A3956D46DE8}") = "Guided-project-foreach-if-array-CSharp-main", "Guided-project-foreach-if-array-CSharp-main", "{EF45643F-B3A8-47AC-8460-9DEBFE8E8178}"
EndProject
Project("{2150E333-8FDC-42A3-9474-1A3956D46DE8}") = "GuidedProject", "GuidedProject", "{921F0CCC-E9E2-4649-A53D-DA3361F67CDF}"
EndProject
Project("{9A19103F-16F7-4668-BE54-9A1E7A4F7556}") = "Starter", "freeCodeCamp-Tutorials\Foundational-C#\Guided-Projects\Guided-project-foreach-if-array-CSharp-main\GuidedProject\Starter\Starter.csproj", "{E0AA5061-62F8-4C05-8C52-709C7CA49AD0}"
EndProject
Project("{9A19103F-16F7-4668-BE54-9A1E7A4F7556}") = "Final", "freeCodeCamp-Tutorials\Foundational-C#\Guided-Projects\Guided-project-foreach-if-array-CSharp-main\GuidedProject\Final\Final.csproj", "{D9610002-685B-45A4-A326-DFA67CDB5098}"
EndProject
Project("{2150E333-8FDC-42A3-9474-1A3956D46DE8}") = "Guided-project-branching-looping-CSharp-main", "Guided-project-branching-looping-CSharp-main", "{7BA4FF01-C4E4-4D83-BB65-B0FACEFEB8F5}"
EndProject
Project("{2150E333-8FDC-42A3-9474-1A3956D46DE8}") = "GuidedProject", "GuidedProject", "{F776A3A3-4609-4AA7-9A7A-D5E6B4287225}"
EndProject
Project("{9A19103F-16F7-4668-BE54-9A1E7A4F7556}") = "Starter", "freeCodeCamp-Tutorials\Foundational-C#\Guided-Projects\Guided-project-branching-looping-CSharp-main\GuidedProject\Starter\Starter.csproj", "{0F4C71B0-C6F6-40B6-BCD0-3974B5407BEF}"
EndProject
Project("{9A19103F-16F7-4668-BE54-9A1E7A4F7556}") = "Final", "freeCodeCamp-Tutorials\Foundational-C#\Guided-Projects\Guided-project-branching-looping-CSharp-main\GuidedProject\Final\Final.csproj", "{C000A08F-D566-402E-9069-A95393D7C304}"
EndProject
Project("{2150E333-8FDC-42A3-9474-1A3956D46DE8}") = "Challenge-project-foreach-if-array-CSharp-main", "Challenge-project-foreach-if-array-CSharp-main", "{766E7613-BBFB-410E-AAF8-168E573AC108}"
EndProject
Project("{2150E333-8FDC-42A3-9474-1A3956D46DE8}") = "ChallengeProject", "ChallengeProject", "{17AB6A49-FE4F-49B3-ADF9-12B7BAC810BE}"
EndProject
Project("{9A19103F-16F7-4668-BE54-9A1E7A4F7556}") = "Starter", "freeCodeCamp-Tutorials\Foundational-C#\Challenge-Projects\Challenge-project-foreach-if-array-CSharp-main\ChallengeProject\Starter\Starter.csproj", "{4A7014A3-B03E-4755-9A7F-29D743FF4FDC}"
EndProject
Project("{9A19103F-16F7-4668-BE54-9A1E7A4F7556}") = "Final", "freeCodeCamp-Tutorials\Foundational-C#\Challenge-Projects\Challenge-project-foreach-if-array-CSharp-main\ChallengeProject\Final\Final.csproj", "{511530C3-631A-48B4-AD62-1F6B0947FD06}"
EndProject
Global
	GlobalSection(SolutionConfigurationPlatforms) = preSolution
		Debug|Any CPU = Debug|Any CPU
		Release|Any CPU = Release|Any CPU
	EndGlobalSection
	GlobalSection(ProjectConfigurationPlatforms) = postSolution
		{9EE073E7-6947-4BA2-B2F8-2C4672641C5A}.Debug|Any CPU.ActiveCfg = Debug|Any CPU
		{9EE073E7-6947-4BA2-B2F8-2C4672641C5A}.Debug|Any CPU.Build.0 = Debug|Any CPU
		{9EE073E7-6947-4BA2-B2F8-2C4672641C5A}.Release|Any CPU.ActiveCfg = Release|Any CPU
		{9EE073E7-6947-4BA2-B2F8-2C4672641C5A}.Release|Any CPU.Build.0 = Release|Any CPU
		{512AB94D-8E11-4AFF-B078-892DB9CE2C74}.Debug|Any CPU.ActiveCfg = Debug|Any CPU
		{512AB94D-8E11-4AFF-B078-892DB9CE2C74}.Debug|Any CPU.Build.0 = Debug|Any CPU
		{512AB94D-8E11-4AFF-B078-892DB9CE2C74}.Release|Any CPU.ActiveCfg = Release|Any CPU
		{512AB94D-8E11-4AFF-B078-892DB9CE2C74}.Release|Any CPU.Build.0 = Release|Any CPU
		{1ED6E5F8-88E9-4CD6-8C21-74A34FF6D1DB}.Debug|Any CPU.ActiveCfg = Debug|Any CPU
		{1ED6E5F8-88E9-4CD6-8C21-74A34FF6D1DB}.Debug|Any CPU.Build.0 = Debug|Any CPU
		{1ED6E5F8-88E9-4CD6-8C21-74A34FF6D1DB}.Release|Any CPU.ActiveCfg = Release|Any CPU
		{1ED6E5F8-88E9-4CD6-8C21-74A34FF6D1DB}.Release|Any CPU.Build.0 = Release|Any CPU
		{E965FA35-FA33-4757-AFA4-3DD19EC191DE}.Debug|Any CPU.ActiveCfg = Debug|Any CPU
		{E965FA35-FA33-4757-AFA4-3DD19EC191DE}.Debug|Any CPU.Build.0 = Debug|Any CPU
		{E965FA35-FA33-4757-AFA4-3DD19EC191DE}.Release|Any CPU.ActiveCfg = Release|Any CPU
		{E965FA35-FA33-4757-AFA4-3DD19EC191DE}.Release|Any CPU.Build.0 = Release|Any CPU
		{56542589-7AE0-49CF-87DB-8F5E17E5A400}.Debug|Any CPU.ActiveCfg = Debug|Any CPU
		{56542589-7AE0-49CF-87DB-8F5E17E5A400}.Debug|Any CPU.Build.0 = Debug|Any CPU
		{56542589-7AE0-49CF-87DB-8F5E17E5A400}.Release|Any CPU.ActiveCfg = Release|Any CPU
		{56542589-7AE0-49CF-87DB-8F5E17E5A400}.Release|Any CPU.Build.0 = Release|Any CPU
		{E0AA5061-62F8-4C05-8C52-709C7CA49AD0}.Debug|Any CPU.ActiveCfg = Debug|Any CPU
		{E0AA5061-62F8-4C05-8C52-709C7CA49AD0}.Debug|Any CPU.Build.0 = Debug|Any CPU
		{E0AA5061-62F8-4C05-8C52-709C7CA49AD0}.Release|Any CPU.ActiveCfg = Release|Any CPU
		{E0AA5061-62F8-4C05-8C52-709C7CA49AD0}.Release|Any CPU.Build.0 = Release|Any CPU
		{D9610002-685B-45A4-A326-DFA67CDB5098}.Debug|Any CPU.ActiveCfg = Debug|Any CPU
		{D9610002-685B-45A4-A326-DFA67CDB5098}.Debug|Any CPU.Build.0 = Debug|Any CPU
		{D9610002-685B-45A4-A326-DFA67CDB5098}.Release|Any CPU.ActiveCfg = Release|Any CPU
		{D9610002-685B-45A4-A326-DFA67CDB5098}.Release|Any CPU.Build.0 = Release|Any CPU
		{0F4C71B0-C6F6-40B6-BCD0-3974B5407BEF}.Debug|Any CPU.ActiveCfg = Debug|Any CPU
		{0F4C71B0-C6F6-40B6-BCD0-3974B5407BEF}.Debug|Any CPU.Build.0 = Debug|Any CPU
		{0F4C71B0-C6F6-40B6-BCD0-3974B5407BEF}.Release|Any CPU.ActiveCfg = Release|Any CPU
		{0F4C71B0-C6F6-40B6-BCD0-3974B5407BEF}.Release|Any CPU.Build.0 = Release|Any CPU
		{C000A08F-D566-402E-9069-A95393D7C304}.Debug|Any CPU.ActiveCfg = Debug|Any CPU
		{C000A08F-D566-402E-9069-A95393D7C304}.Debug|Any CPU.Build.0 = Debug|Any CPU
		{C000A08F-D566-402E-9069-A95393D7C304}.Release|Any CPU.ActiveCfg = Release|Any CPU
		{C000A08F-D566-402E-9069-A95393D7C304}.Release|Any CPU.Build.0 = Release|Any CPU
		{4A7014A3-B03E-4755-9A7F-29D743FF4FDC}.Debug|Any CPU.ActiveCfg = Debug|Any CPU
		{4A7014A3-B03E-4755-9A7F-29D743FF4FDC}.Debug|Any CPU.Build.0 = Debug|Any CPU
		{4A7014A3-B03E-4755-9A7F-29D743FF4FDC}.Release|Any CPU.ActiveCfg = Release|Any CPU
		{4A7014A3-B03E-4755-9A7F-29D743FF4FDC}.Release|Any CPU.Build.0 = Release|Any CPU
		{511530C3-631A-48B4-AD62-1F6B0947FD06}.Debug|Any CPU.ActiveCfg = Debug|Any CPU
		{511530C3-631A-48B4-AD62-1F6B0947FD06}.Debug|Any CPU.Build.0 = Debug|Any CPU
		{511530C3-631A-48B4-AD62-1F6B0947FD06}.Release|Any CPU.ActiveCfg = Release|Any CPU
		{511530C3-631A-48B4-AD62-1F6B0947FD06}.Release|Any CPU.Build.0 = Release|Any CPU
	EndGlobalSection
	GlobalSection(SolutionProperties) = preSolution
		HideSolutionNode = FALSE
	EndGlobalSection
	GlobalSection(NestedProjects) = preSolution
		{B6F00D95-6279-4720-A913-549D7A865276} = {19473ADB-8C26-4512-BCC3-5640F1B3B603}
		{9D223A7F-684F-4212-98DD-5FA4D896ACA2} = {B6F00D95-6279-4720-A913-549D7A865276}
		{9EE073E7-6947-4BA2-B2F8-2C4672641C5A} = {9D223A7F-684F-4212-98DD-5FA4D896ACA2}
		{512AB94D-8E11-4AFF-B078-892DB9CE2C74} = {9D223A7F-684F-4212-98DD-5FA4D896ACA2}
		{BD25BEBC-4120-4005-A79B-A283B86267C4} = {B6F00D95-6279-4720-A913-549D7A865276}
		{1ED6E5F8-88E9-4CD6-8C21-74A34FF6D1DB} = {BD25BEBC-4120-4005-A79B-A283B86267C4}
		{E965FA35-FA33-4757-AFA4-3DD19EC191DE} = {BD25BEBC-4120-4005-A79B-A283B86267C4}
		{56542589-7AE0-49CF-87DB-8F5E17E5A400} = {BD25BEBC-4120-4005-A79B-A283B86267C4}
		{BAAEAF68-3A34-46FA-B3DA-306DA318BA3F} = {B6F00D95-6279-4720-A913-549D7A865276}
		{EF45643F-B3A8-47AC-8460-9DEBFE8E8178} = {BAAEAF68-3A34-46FA-B3DA-306DA318BA3F}
		{921F0CCC-E9E2-4649-A53D-DA3361F67CDF} = {EF45643F-B3A8-47AC-8460-9DEBFE8E8178}
		{E0AA5061-62F8-4C05-8C52-709C7CA49AD0} = {921F0CCC-E9E2-4649-A53D-DA3361F67CDF}
		{D9610002-685B-45A4-A326-DFA67CDB5098} = {921F0CCC-E9E2-4649-A53D-DA3361F67CDF}
		{7BA4FF01-C4E4-4D83-BB65-B0FACEFEB8F5} = {BAAEAF68-3A34-46FA-B3DA-306DA318BA3F}
		{F776A3A3-4609-4AA7-9A7A-D5E6B4287225} = {7BA4FF01-C4E4-4D83-BB65-B0FACEFEB8F5}
		{0F4C71B0-C6F6-40B6-BCD0-3974B5407BEF} = {F776A3A3-4609-4AA7-9A7A-D5E6B4287225}
		{C000A08F-D566-402E-9069-A95393D7C304} = {F776A3A3-4609-4AA7-9A7A-D5E6B4287225}
		{766E7613-BBFB-410E-AAF8-168E573AC108} = {9D223A7F-684F-4212-98DD-5FA4D896ACA2}
		{17AB6A49-FE4F-49B3-ADF9-12B7BAC810BE} = {766E7613-BBFB-410E-AAF8-168E573AC108}
		{4A7014A3-B03E-4755-9A7F-29D743FF4FDC} = {17AB6A49-FE4F-49B3-ADF9-12B7BAC810BE}
		{511530C3-631A-48B4-AD62-1F6B0947FD06} = {17AB6A49-FE4F-49B3-ADF9-12B7BAC810BE}
	EndGlobalSection
	GlobalSection(ExtensibilityGlobals) = postSolution
		SolutionGuid = {4DA8E7C4-499E-44C0-8A72-7699E7666511}
	EndGlobalSection
EndGlobal
